// !$*UTF8*$!
{
	archiveVersion = 1;
	classes = {
	};
	objectVersion = 52;
	objects = {

/* Begin PBXBuildFile section */
		90D399F426F022A100587C61 /* AppDelegate.swift in Sources */ = {isa = PBXBuildFile; fileRef = 90D399F326F022A100587C61 /* AppDelegate.swift */; };
		90D399F626F022A100587C61 /* SceneDelegate.swift in Sources */ = {isa = PBXBuildFile; fileRef = 90D399F526F022A100587C61 /* SceneDelegate.swift */; };
		90D399FB26F022A100587C61 /* Main.storyboard in Resources */ = {isa = PBXBuildFile; fileRef = 90D399F926F022A100587C61 /* Main.storyboard */; };
		90D399FD26F022AC00587C61 /* Assets.xcassets in Resources */ = {isa = PBXBuildFile; fileRef = 90D399FC26F022AC00587C61 /* Assets.xcassets */; };
		90D39A0026F022AC00587C61 /* LaunchScreen.storyboard in Resources */ = {isa = PBXBuildFile; fileRef = 90D399FE26F022AC00587C61 /* LaunchScreen.storyboard */; };
		90D39A0B26F022AD00587C61 /* assignment1Tests.swift in Sources */ = {isa = PBXBuildFile; fileRef = 90D39A0A26F022AD00587C61 /* assignment1Tests.swift */; };
		90D39A1626F022AD00587C61 /* assignment1UITests.swift in Sources */ = {isa = PBXBuildFile; fileRef = 90D39A1526F022AD00587C61 /* assignment1UITests.swift */; };
		90D39A2426F0245C00587C61 /* MoviesViewController.swift in Sources */ = {isa = PBXBuildFile; fileRef = 90D39A2326F0245C00587C61 /* MoviesViewController.swift */; };
		90D39A2626F11EA500587C61 /* MovieCell.swift in Sources */ = {isa = PBXBuildFile; fileRef = 90D39A2526F11EA400587C61 /* MovieCell.swift */; };
		90D39A2926F1613E00587C61 /* AlamofireImage in Frameworks */ = {isa = PBXBuildFile; productRef = 90D39A2826F1613E00587C61 /* AlamofireImage */; };
		9A46D67EE0C6B8C75E6BA130 /* Pods_assignment1_assignment1UITests.framework in Frameworks */ = {isa = PBXBuildFile; fileRef = 49E3D0E17854A1AAE357A108 /* Pods_assignment1_assignment1UITests.framework */; };
		A1C407B4DD70DABE221A0DF4 /* Pods_assignment1.framework in Frameworks */ = {isa = PBXBuildFile; fileRef = BFA72D4B3263EB7FE621337B /* Pods_assignment1.framework */; };
		EF4B904E2FB9E695FEF16BC7 /* Pods_assignment1Tests.framework in Frameworks */ = {isa = PBXBuildFile; fileRef = 1B17D71AD476097FFB70FC9D /* Pods_assignment1Tests.framework */; };
/* End PBXBuildFile section */

/* Begin PBXContainerItemProxy section */
		90D39A0726F022AD00587C61 /* PBXContainerItemProxy */ = {
			isa = PBXContainerItemProxy;
			containerPortal = 90D399E826F0229F00587C61 /* Project object */;
			proxyType = 1;
			remoteGlobalIDString = 90D399EF26F022A000587C61;
			remoteInfo = assignment1;
		};
		90D39A1226F022AD00587C61 /* PBXContainerItemProxy */ = {
			isa = PBXContainerItemProxy;
			containerPortal = 90D399E826F0229F00587C61 /* Project object */;
			proxyType = 1;
			remoteGlobalIDString = 90D399EF26F022A000587C61;
			remoteInfo = assignment1;
		};
/* End PBXContainerItemProxy section */

/* Begin PBXFileReference section */
		1B17D71AD476097FFB70FC9D /* Pods_assignment1Tests.framework */ = {isa = PBXFileReference; explicitFileType = wrapper.framework; includeInIndex = 0; path = Pods_assignment1Tests.framework; sourceTree = BUILT_PRODUCTS_DIR; };
		49E3D0E17854A1AAE357A108 /* Pods_assignment1_assignment1UITests.framework */ = {isa = PBXFileReference; explicitFileType = wrapper.framework; includeInIndex = 0; path = Pods_assignment1_assignment1UITests.framework; sourceTree = BUILT_PRODUCTS_DIR; };
		5742854228F9AD6742D7A31A /* Pods-assignment1.release.xcconfig */ = {isa = PBXFileReference; includeInIndex = 1; lastKnownFileType = text.xcconfig; name = "Pods-assignment1.release.xcconfig"; path = "Target Support Files/Pods-assignment1/Pods-assignment1.release.xcconfig"; sourceTree = "<group>"; };
		90D399F026F022A100587C61 /* assignment1.app */ = {isa = PBXFileReference; explicitFileType = wrapper.application; includeInIndex = 0; path = assignment1.app; sourceTree = BUILT_PRODUCTS_DIR; };
		90D399F326F022A100587C61 /* AppDelegate.swift */ = {isa = PBXFileReference; lastKnownFileType = sourcecode.swift; path = AppDelegate.swift; sourceTree = "<group>"; };
		90D399F526F022A100587C61 /* SceneDelegate.swift */ = {isa = PBXFileReference; lastKnownFileType = sourcecode.swift; path = SceneDelegate.swift; sourceTree = "<group>"; };
		90D399FA26F022A100587C61 /* Base */ = {isa = PBXFileReference; lastKnownFileType = file.storyboard; name = Base; path = Base.lproj/Main.storyboard; sourceTree = "<group>"; };
		90D399FC26F022AC00587C61 /* Assets.xcassets */ = {isa = PBXFileReference; lastKnownFileType = folder.assetcatalog; path = Assets.xcassets; sourceTree = "<group>"; };
		90D399FF26F022AC00587C61 /* Base */ = {isa = PBXFileReference; lastKnownFileType = file.storyboard; name = Base; path = Base.lproj/LaunchScreen.storyboard; sourceTree = "<group>"; };
		90D39A0126F022AC00587C61 /* Info.plist */ = {isa = PBXFileReference; lastKnownFileType = text.plist.xml; path = Info.plist; sourceTree = "<group>"; };
		90D39A0626F022AD00587C61 /* assignment1Tests.xctest */ = {isa = PBXFileReference; explicitFileType = wrapper.cfbundle; includeInIndex = 0; path = assignment1Tests.xctest; sourceTree = BUILT_PRODUCTS_DIR; };
		90D39A0A26F022AD00587C61 /* assignment1Tests.swift */ = {isa = PBXFileReference; lastKnownFileType = sourcecode.swift; path = assignment1Tests.swift; sourceTree = "<group>"; };
		90D39A0C26F022AD00587C61 /* Info.plist */ = {isa = PBXFileReference; lastKnownFileType = text.plist.xml; path = Info.plist; sourceTree = "<group>"; };
		90D39A1126F022AD00587C61 /* assignment1UITests.xctest */ = {isa = PBXFileReference; explicitFileType = wrapper.cfbundle; includeInIndex = 0; path = assignment1UITests.xctest; sourceTree = BUILT_PRODUCTS_DIR; };
		90D39A1526F022AD00587C61 /* assignment1UITests.swift */ = {isa = PBXFileReference; lastKnownFileType = sourcecode.swift; path = assignment1UITests.swift; sourceTree = "<group>"; };
		90D39A1726F022AD00587C61 /* Info.plist */ = {isa = PBXFileReference; lastKnownFileType = text.plist.xml; path = Info.plist; sourceTree = "<group>"; };
		90D39A2326F0245C00587C61 /* MoviesViewController.swift */ = {isa = PBXFileReference; lastKnownFileType = sourcecode.swift; path = MoviesViewController.swift; sourceTree = "<group>"; };
		90D39A2526F11EA400587C61 /* MovieCell.swift */ = {isa = PBXFileReference; lastKnownFileType = sourcecode.swift; path = MovieCell.swift; sourceTree = "<group>"; };
		B8C7691464A698CB67BF64DB /* Pods-assignment1.debug.xcconfig */ = {isa = PBXFileReference; includeInIndex = 1; lastKnownFileType = text.xcconfig; name = "Pods-assignment1.debug.xcconfig"; path = "Target Support Files/Pods-assignment1/Pods-assignment1.debug.xcconfig"; sourceTree = "<group>"; };
		BFA72D4B3263EB7FE621337B /* Pods_assignment1.framework */ = {isa = PBXFileReference; explicitFileType = wrapper.framework; includeInIndex = 0; path = Pods_assignment1.framework; sourceTree = BUILT_PRODUCTS_DIR; };
		C63473498C79B60226DA3460 /* Pods-assignment1Tests.release.xcconfig */ = {isa = PBXFileReference; includeInIndex = 1; lastKnownFileType = text.xcconfig; name = "Pods-assignment1Tests.release.xcconfig"; path = "Target Support Files/Pods-assignment1Tests/Pods-assignment1Tests.release.xcconfig"; sourceTree = "<group>"; };
		CDA5B90A1E308BA1EBB587EF /* Pods-assignment1-assignment1UITests.release.xcconfig */ = {isa = PBXFileReference; includeInIndex = 1; lastKnownFileType = text.xcconfig; name = "Pods-assignment1-assignment1UITests.release.xcconfig"; path = "Target Support Files/Pods-assignment1-assignment1UITests/Pods-assignment1-assignment1UITests.release.xcconfig"; sourceTree = "<group>"; };
		D364F9DD139A30FBAA0DC205 /* Pods-assignment1-assignment1UITests.debug.xcconfig */ = {isa = PBXFileReference; includeInIndex = 1; lastKnownFileType = text.xcconfig; name = "Pods-assignment1-assignment1UITests.debug.xcconfig"; path = "Target Support Files/Pods-assignment1-assignment1UITests/Pods-assignment1-assignment1UITests.debug.xcconfig"; sourceTree = "<group>"; };
		E2439A9385FD532D42FC87CD /* Pods-assignment1Tests.debug.xcconfig */ = {isa = PBXFileReference; includeInIndex = 1; lastKnownFileType = text.xcconfig; name = "Pods-assignment1Tests.debug.xcconfig"; path = "Target Support Files/Pods-assignment1Tests/Pods-assignment1Tests.debug.xcconfig"; sourceTree = "<group>"; };
/* End PBXFileReference section */

/* Begin PBXFrameworksBuildPhase section */
		90D399ED26F022A000587C61 /* Frameworks */ = {
			isa = PBXFrameworksBuildPhase;
			buildActionMask = 2147483647;
			files = (
				90D39A2926F1613E00587C61 /* AlamofireImage in Frameworks */,
				A1C407B4DD70DABE221A0DF4 /* Pods_assignment1.framework in Frameworks */,
			);
			runOnlyForDeploymentPostprocessing = 0;
		};
		90D39A0326F022AD00587C61 /* Frameworks */ = {
			isa = PBXFrameworksBuildPhase;
			buildActionMask = 2147483647;
			files = (
				EF4B904E2FB9E695FEF16BC7 /* Pods_assignment1Tests.framework in Frameworks */,
			);
			runOnlyForDeploymentPostprocessing = 0;
		};
		90D39A0E26F022AD00587C61 /* Frameworks */ = {
			isa = PBXFrameworksBuildPhase;
			buildActionMask = 2147483647;
			files = (
				9A46D67EE0C6B8C75E6BA130 /* Pods_assignment1_assignment1UITests.framework in Frameworks */,
			);
			runOnlyForDeploymentPostprocessing = 0;
		};
/* End PBXFrameworksBuildPhase section */

/* Begin PBXGroup section */
		3C7187BC8996F280B78AE262 /* Frameworks */ = {
			isa = PBXGroup;
			children = (
				BFA72D4B3263EB7FE621337B /* Pods_assignment1.framework */,
				49E3D0E17854A1AAE357A108 /* Pods_assignment1_assignment1UITests.framework */,
				1B17D71AD476097FFB70FC9D /* Pods_assignment1Tests.framework */,
			);
			name = Frameworks;
			sourceTree = "<group>";
		};
		90D399E726F0229F00587C61 = {
			isa = PBXGroup;
			children = (
				90D399F226F022A100587C61 /* assignment1 */,
				90D39A0926F022AD00587C61 /* assignment1Tests */,
				90D39A1426F022AD00587C61 /* assignment1UITests */,
				90D399F126F022A100587C61 /* Products */,
				D2F68DA6B49F1D764010A3BE /* Pods */,
				3C7187BC8996F280B78AE262 /* Frameworks */,
			);
			sourceTree = "<group>";
		};
		90D399F126F022A100587C61 /* Products */ = {
			isa = PBXGroup;
			children = (
				90D399F026F022A100587C61 /* assignment1.app */,
				90D39A0626F022AD00587C61 /* assignment1Tests.xctest */,
				90D39A1126F022AD00587C61 /* assignment1UITests.xctest */,
			);
			name = Products;
			sourceTree = "<group>";
		};
		90D399F226F022A100587C61 /* assignment1 */ = {
			isa = PBXGroup;
			children = (
				90D399F326F022A100587C61 /* AppDelegate.swift */,
				90D399F526F022A100587C61 /* SceneDelegate.swift */,
				90D399F926F022A100587C61 /* Main.storyboard */,
				90D399FC26F022AC00587C61 /* Assets.xcassets */,
				90D399FE26F022AC00587C61 /* LaunchScreen.storyboard */,
				90D39A0126F022AC00587C61 /* Info.plist */,
				90D39A2326F0245C00587C61 /* MoviesViewController.swift */,
				90D39A2526F11EA400587C61 /* MovieCell.swift */,
			);
			path = assignment1;
			sourceTree = "<group>";
		};
		90D39A0926F022AD00587C61 /* assignment1Tests */ = {
			isa = PBXGroup;
			children = (
				90D39A0A26F022AD00587C61 /* assignment1Tests.swift */,
				90D39A0C26F022AD00587C61 /* Info.plist */,
			);
			path = assignment1Tests;
			sourceTree = "<group>";
		};
		90D39A1426F022AD00587C61 /* assignment1UITests */ = {
			isa = PBXGroup;
			children = (
				90D39A1526F022AD00587C61 /* assignment1UITests.swift */,
				90D39A1726F022AD00587C61 /* Info.plist */,
			);
			path = assignment1UITests;
			sourceTree = "<group>";
		};
		D2F68DA6B49F1D764010A3BE /* Pods */ = {
			isa = PBXGroup;
			children = (
				B8C7691464A698CB67BF64DB /* Pods-assignment1.debug.xcconfig */,
				5742854228F9AD6742D7A31A /* Pods-assignment1.release.xcconfig */,
				D364F9DD139A30FBAA0DC205 /* Pods-assignment1-assignment1UITests.debug.xcconfig */,
				CDA5B90A1E308BA1EBB587EF /* Pods-assignment1-assignment1UITests.release.xcconfig */,
				E2439A9385FD532D42FC87CD /* Pods-assignment1Tests.debug.xcconfig */,
				C63473498C79B60226DA3460 /* Pods-assignment1Tests.release.xcconfig */,
			);
			name = Pods;
			path = Pods;
			sourceTree = "<group>";
		};
/* End PBXGroup section */

/* Begin PBXNativeTarget section */
		90D399EF26F022A000587C61 /* assignment1 */ = {
			isa = PBXNativeTarget;
			buildConfigurationList = 90D39A1A26F022AE00587C61 /* Build configuration list for PBXNativeTarget "assignment1" */;
			buildPhases = (
				9B64C07403C1634456C52D83 /* [CP] Check Pods Manifest.lock */,
				90D399EC26F022A000587C61 /* Sources */,
				90D399ED26F022A000587C61 /* Frameworks */,
				90D399EE26F022A000587C61 /* Resources */,
				DAE66FE70D363CCA06CF8D9A /* [CP] Embed Pods Frameworks */,
			);
			buildRules = (
			);
			dependencies = (
			);
			name = assignment1;
			packageProductDependencies = (
				90D39A2826F1613E00587C61 /* AlamofireImage */,
			);
			productName = assignment1;
			productReference = 90D399F026F022A100587C61 /* assignment1.app */;
			productType = "com.apple.product-type.application";
		};
		90D39A0526F022AD00587C61 /* assignment1Tests */ = {
			isa = PBXNativeTarget;
			buildConfigurationList = 90D39A1D26F022AE00587C61 /* Build configuration list for PBXNativeTarget "assignment1Tests" */;
			buildPhases = (
				21007B16829640B9DA8E0F3F /* [CP] Check Pods Manifest.lock */,
				90D39A0226F022AD00587C61 /* Sources */,
				90D39A0326F022AD00587C61 /* Frameworks */,
				90D39A0426F022AD00587C61 /* Resources */,
			);
			buildRules = (
			);
			dependencies = (
				90D39A0826F022AD00587C61 /* PBXTargetDependency */,
			);
			name = assignment1Tests;
			productName = assignment1Tests;
			productReference = 90D39A0626F022AD00587C61 /* assignment1Tests.xctest */;
			productType = "com.apple.product-type.bundle.unit-test";
		};
		90D39A1026F022AD00587C61 /* assignment1UITests */ = {
			isa = PBXNativeTarget;
			buildConfigurationList = 90D39A2026F022AE00587C61 /* Build configuration list for PBXNativeTarget "assignment1UITests" */;
			buildPhases = (
				4480CEA901F8F3FD980A588B /* [CP] Check Pods Manifest.lock */,
				90D39A0D26F022AD00587C61 /* Sources */,
				90D39A0E26F022AD00587C61 /* Frameworks */,
				90D39A0F26F022AD00587C61 /* Resources */,
				91B1C20C6C47525A1B906EFE /* [CP] Embed Pods Frameworks */,
			);
			buildRules = (
			);
			dependencies = (
				90D39A1326F022AD00587C61 /* PBXTargetDependency */,
			);
			name = assignment1UITests;
			productName = assignment1UITests;
			productReference = 90D39A1126F022AD00587C61 /* assignment1UITests.xctest */;
			productType = "com.apple.product-type.bundle.ui-testing";
		};
/* End PBXNativeTarget section */

/* Begin PBXProject section */
		90D399E826F0229F00587C61 /* Project object */ = {
			isa = PBXProject;
			attributes = {
				LastSwiftUpdateCheck = 1250;
				LastUpgradeCheck = 1250;
				TargetAttributes = {
					90D399EF26F022A000587C61 = {
						CreatedOnToolsVersion = 12.5.1;
					};
					90D39A0526F022AD00587C61 = {
						CreatedOnToolsVersion = 12.5.1;
						TestTargetID = 90D399EF26F022A000587C61;
					};
					90D39A1026F022AD00587C61 = {
						CreatedOnToolsVersion = 12.5.1;
						TestTargetID = 90D399EF26F022A000587C61;
					};
				};
			};
			buildConfigurationList = 90D399EB26F022A000587C61 /* Build configuration list for PBXProject "assignment1" */;
			compatibilityVersion = "Xcode 9.3";
			developmentRegion = en;
			hasScannedForEncodings = 0;
			knownRegions = (
				en,
				Base,
			);
			mainGroup = 90D399E726F0229F00587C61;
			packageReferences = (
				90D39A2726F1613E00587C61 /* XCRemoteSwiftPackageReference "AlamofireImage" */,
			);
			productRefGroup = 90D399F126F022A100587C61 /* Products */;
			projectDirPath = "";
			projectRoot = "";
			targets = (
				90D399EF26F022A000587C61 /* assignment1 */,
				90D39A0526F022AD00587C61 /* assignment1Tests */,
				90D39A1026F022AD00587C61 /* assignment1UITests */,
			);
		};
/* End PBXProject section */

/* Begin PBXResourcesBuildPhase section */
		90D399EE26F022A000587C61 /* Resources */ = {
			isa = PBXResourcesBuildPhase;
			buildActionMask = 2147483647;
			files = (
				90D39A0026F022AC00587C61 /* LaunchScreen.storyboard in Resources */,
				90D399FD26F022AC00587C61 /* Assets.xcassets in Resources */,
				90D399FB26F022A100587C61 /* Main.storyboard in Resources */,
			);
			runOnlyForDeploymentPostprocessing = 0;
		};
		90D39A0426F022AD00587C61 /* Resources */ = {
			isa = PBXResourcesBuildPhase;
			buildActionMask = 2147483647;
			files = (
			);
			runOnlyForDeploymentPostprocessing = 0;
		};
		90D39A0F26F022AD00587C61 /* Resources */ = {
			isa = PBXResourcesBuildPhase;
			buildActionMask = 2147483647;
			files = (
			);
			runOnlyForDeploymentPostprocessing = 0;
		};
/* End PBXResourcesBuildPhase section */

/* Begin PBXShellScriptBuildPhase section */
		21007B16829640B9DA8E0F3F /* [CP] Check Pods Manifest.lock */ = {
			isa = PBXShellScriptBuildPhase;
			buildActionMask = 2147483647;
			files = (
			);
			inputFileListPaths = (
			);
			inputPaths = (
				"${PODS_PODFILE_DIR_PATH}/Podfile.lock",
				"${PODS_ROOT}/Manifest.lock",
			);
			name = "[CP] Check Pods Manifest.lock";
			outputFileListPaths = (
			);
			outputPaths = (
				"$(DERIVED_FILE_DIR)/Pods-assignment1Tests-checkManifestLockResult.txt",
			);
			runOnlyForDeploymentPostprocessing = 0;
			shellPath = /bin/sh;
			shellScript = "diff \"${PODS_PODFILE_DIR_PATH}/Podfile.lock\" \"${PODS_ROOT}/Manifest.lock\" > /dev/null\nif [ $? != 0 ] ; then\n    # print error to STDERR\n    echo \"error: The sandbox is not in sync with the Podfile.lock. Run 'pod install' or update your CocoaPods installation.\" >&2\n    exit 1\nfi\n# This output is used by Xcode 'outputs' to avoid re-running this script phase.\necho \"SUCCESS\" > \"${SCRIPT_OUTPUT_FILE_0}\"\n";
			showEnvVarsInLog = 0;
		};
		4480CEA901F8F3FD980A588B /* [CP] Check Pods Manifest.lock */ = {
			isa = PBXShellScriptBuildPhase;
			buildActionMask = 2147483647;
			files = (
			);
			inputFileListPaths = (
			);
			inputPaths = (
				"${PODS_PODFILE_DIR_PATH}/Podfile.lock",
				"${PODS_ROOT}/Manifest.lock",
			);
			name = "[CP] Check Pods Manifest.lock";
			outputFileListPaths = (
			);
			outputPaths = (
				"$(DERIVED_FILE_DIR)/Pods-assignment1-assignment1UITests-checkManifestLockResult.txt",
			);
			runOnlyForDeploymentPostprocessing = 0;
			shellPath = /bin/sh;
			shellScript = "diff \"${PODS_PODFILE_DIR_PATH}/Podfile.lock\" \"${PODS_ROOT}/Manifest.lock\" > /dev/null\nif [ $? != 0 ] ; then\n    # print error to STDERR\n    echo \"error: The sandbox is not in sync with the Podfile.lock. Run 'pod install' or update your CocoaPods installation.\" >&2\n    exit 1\nfi\n# This output is used by Xcode 'outputs' to avoid re-running this script phase.\necho \"SUCCESS\" > \"${SCRIPT_OUTPUT_FILE_0}\"\n";
			showEnvVarsInLog = 0;
		};
		91B1C20C6C47525A1B906EFE /* [CP] Embed Pods Frameworks */ = {
			isa = PBXShellScriptBuildPhase;
			buildActionMask = 2147483647;
			files = (
			);
			inputFileListPaths = (
				"${PODS_ROOT}/Target Support Files/Pods-assignment1-assignment1UITests/Pods-assignment1-assignment1UITests-frameworks-${CONFIGURATION}-input-files.xcfilelist",
			);
			name = "[CP] Embed Pods Frameworks";
			outputFileListPaths = (
				"${PODS_ROOT}/Target Support Files/Pods-assignment1-assignment1UITests/Pods-assignment1-assignment1UITests-frameworks-${CONFIGURATION}-output-files.xcfilelist",
			);
			runOnlyForDeploymentPostprocessing = 0;
			shellPath = /bin/sh;
			shellScript = "\"${PODS_ROOT}/Target Support Files/Pods-assignment1-assignment1UITests/Pods-assignment1-assignment1UITests-frameworks.sh\"\n";
			showEnvVarsInLog = 0;
		};
		9B64C07403C1634456C52D83 /* [CP] Check Pods Manifest.lock */ = {
			isa = PBXShellScriptBuildPhase;
			buildActionMask = 2147483647;
			files = (
			);
			inputFileListPaths = (
			);
			inputPaths = (
				"${PODS_PODFILE_DIR_PATH}/Podfile.lock",
				"${PODS_ROOT}/Manifest.lock",
			);
			name = "[CP] Check Pods Manifest.lock";
			outputFileListPaths = (
			);
			outputPaths = (
				"$(DERIVED_FILE_DIR)/Pods-assignment1-checkManifestLockResult.txt",
			);
			runOnlyForDeploymentPostprocessing = 0;
			shellPath = /bin/sh;
			shellScript = "diff \"${PODS_PODFILE_DIR_PATH}/Podfile.lock\" \"${PODS_ROOT}/Manifest.lock\" > /dev/null\nif [ $? != 0 ] ; then\n    # print error to STDERR\n    echo \"error: The sandbox is not in sync with the Podfile.lock. Run 'pod install' or update your CocoaPods installation.\" >&2\n    exit 1\nfi\n# This output is used by Xcode 'outputs' to avoid re-running this script phase.\necho \"SUCCESS\" > \"${SCRIPT_OUTPUT_FILE_0}\"\n";
			showEnvVarsInLog = 0;
		};
		DAE66FE70D363CCA06CF8D9A /* [CP] Embed Pods Frameworks */ = {
			isa = PBXShellScriptBuildPhase;
			buildActionMask = 2147483647;
			files = (
			);
			inputFileListPaths = (
				"${PODS_ROOT}/Target Support Files/Pods-assignment1/Pods-assignment1-frameworks-${CONFIGURATION}-input-files.xcfilelist",
			);
			name = "[CP] Embed Pods Frameworks";
			outputFileListPaths = (
				"${PODS_ROOT}/Target Support Files/Pods-assignment1/Pods-assignment1-frameworks-${CONFIGURATION}-output-files.xcfilelist",
			);
			runOnlyForDeploymentPostprocessing = 0;
			shellPath = /bin/sh;
			shellScript = "\"${PODS_ROOT}/Target Support Files/Pods-assignment1/Pods-assignment1-frameworks.sh\"\n";
			showEnvVarsInLog = 0;
		};
/* End PBXShellScriptBuildPhase section */

/* Begin PBXSourcesBuildPhase section */
		90D399EC26F022A000587C61 /* Sources */ = {
			isa = PBXSourcesBuildPhase;
			buildActionMask = 2147483647;
			files = (
				90D399F426F022A100587C61 /* AppDelegate.swift in Sources */,
				90D399F626F022A100587C61 /* SceneDelegate.swift in Sources */,
				90D39A2626F11EA500587C61 /* MovieCell.swift in Sources */,
				90D39A2426F0245C00587C61 /* MoviesViewController.swift in Sources */,
			);
			runOnlyForDeploymentPostprocessing = 0;
		};
		90D39A0226F022AD00587C61 /* Sources */ = {
			isa = PBXSourcesBuildPhase;
			buildActionMask = 2147483647;
			files = (
				90D39A0B26F022AD00587C61 /* assignment1Tests.swift in Sources */,
			);
			runOnlyForDeploymentPostprocessing = 0;
		};
		90D39A0D26F022AD00587C61 /* Sources */ = {
			isa = PBXSourcesBuildPhase;
			buildActionMask = 2147483647;
			files = (
				90D39A1626F022AD00587C61 /* assignment1UITests.swift in Sources */,
			);
			runOnlyForDeploymentPostprocessing = 0;
		};
/* End PBXSourcesBuildPhase section */

/* Begin PBXTargetDependency section */
		90D39A0826F022AD00587C61 /* PBXTargetDependency */ = {
			isa = PBXTargetDependency;
			target = 90D399EF26F022A000587C61 /* assignment1 */;
			targetProxy = 90D39A0726F022AD00587C61 /* PBXContainerItemProxy */;
		};
		90D39A1326F022AD00587C61 /* PBXTargetDependency */ = {
			isa = PBXTargetDependency;
			target = 90D399EF26F022A000587C61 /* assignment1 */;
			targetProxy = 90D39A1226F022AD00587C61 /* PBXContainerItemProxy */;
		};
/* End PBXTargetDependency section */

/* Begin PBXVariantGroup section */
		90D399F926F022A100587C61 /* Main.storyboard */ = {
			isa = PBXVariantGroup;
			children = (
				90D399FA26F022A100587C61 /* Base */,
			);
			name = Main.storyboard;
			sourceTree = "<group>";
		};
		90D399FE26F022AC00587C61 /* LaunchScreen.storyboard */ = {
			isa = PBXVariantGroup;
			children = (
				90D399FF26F022AC00587C61 /* Base */,
			);
			name = LaunchScreen.storyboard;
			sourceTree = "<group>";
		};
/* End PBXVariantGroup section */

/* Begin XCBuildConfiguration section */
		90D39A1826F022AD00587C61 /* Debug */ = {
			isa = XCBuildConfiguration;
			buildSettings = {
				ALWAYS_SEARCH_USER_PATHS = NO;
				CLANG_ANALYZER_NONNULL = YES;
				CLANG_ANALYZER_NUMBER_OBJECT_CONVERSION = YES_AGGRESSIVE;
				CLANG_CXX_LANGUAGE_STANDARD = "gnu++14";
				CLANG_CXX_LIBRARY = "libc++";
				CLANG_ENABLE_MODULES = YES;
				CLANG_ENABLE_OBJC_ARC = YES;
				CLANG_ENABLE_OBJC_WEAK = YES;
				CLANG_WARN_BLOCK_CAPTURE_AUTORELEASING = YES;
				CLANG_WARN_BOOL_CONVERSION = YES;
				CLANG_WARN_COMMA = YES;
				CLANG_WARN_CONSTANT_CONVERSION = YES;
				CLANG_WARN_DEPRECATED_OBJC_IMPLEMENTATIONS = YES;
				CLANG_WARN_DIRECT_OBJC_ISA_USAGE = YES_ERROR;
				CLANG_WARN_DOCUMENTATION_COMMENTS = YES;
				CLANG_WARN_EMPTY_BODY = YES;
				CLANG_WARN_ENUM_CONVERSION = YES;
				CLANG_WARN_INFINITE_RECURSION = YES;
				CLANG_WARN_INT_CONVERSION = YES;
				CLANG_WARN_NON_LITERAL_NULL_CONVERSION = YES;
				CLANG_WARN_OBJC_IMPLICIT_RETAIN_SELF = YES;
				CLANG_WARN_OBJC_LITERAL_CONVERSION = YES;
				CLANG_WARN_OBJC_ROOT_CLASS = YES_ERROR;
				CLANG_WARN_QUOTED_INCLUDE_IN_FRAMEWORK_HEADER = YES;
				CLANG_WARN_RANGE_LOOP_ANALYSIS = YES;
				CLANG_WARN_STRICT_PROTOTYPES = YES;
				CLANG_WARN_SUSPICIOUS_MOVE = YES;
				CLANG_WARN_UNGUARDED_AVAILABILITY = YES_AGGRESSIVE;
				CLANG_WARN_UNREACHABLE_CODE = YES;
				CLANG_WARN__DUPLICATE_METHOD_MATCH = YES;
				COPY_PHASE_STRIP = NO;
				DEBUG_INFORMATION_FORMAT = dwarf;
				ENABLE_STRICT_OBJC_MSGSEND = YES;
				ENABLE_TESTABILITY = YES;
				GCC_C_LANGUAGE_STANDARD = gnu11;
				GCC_DYNAMIC_NO_PIC = NO;
				GCC_NO_COMMON_BLOCKS = YES;
				GCC_OPTIMIZATION_LEVEL = 0;
				GCC_PREPROCESSOR_DEFINITIONS = (
					"DEBUG=1",
					"$(inherited)",
				);
				GCC_WARN_64_TO_32_BIT_CONVERSION = YES;
				GCC_WARN_ABOUT_RETURN_TYPE = YES_ERROR;
				GCC_WARN_UNDECLARED_SELECTOR = YES;
				GCC_WARN_UNINITIALIZED_AUTOS = YES_AGGRESSIVE;
				GCC_WARN_UNUSED_FUNCTION = YES;
				GCC_WARN_UNUSED_VARIABLE = YES;
				IPHONEOS_DEPLOYMENT_TARGET = 14.5;
				MTL_ENABLE_DEBUG_INFO = INCLUDE_SOURCE;
				MTL_FAST_MATH = YES;
				ONLY_ACTIVE_ARCH = YES;
				SDKROOT = iphoneos;
				SWIFT_ACTIVE_COMPILATION_CONDITIONS = DEBUG;
				SWIFT_OPTIMIZATION_LEVEL = "-Onone";
			};
			name = Debug;
		};
		90D39A1926F022AD00587C61 /* Release */ = {
			isa = XCBuildConfiguration;
			buildSettings = {
				ALWAYS_SEARCH_USER_PATHS = NO;
				CLANG_ANALYZER_NONNULL = YES;
				CLANG_ANALYZER_NUMBER_OBJECT_CONVERSION = YES_AGGRESSIVE;
				CLANG_CXX_LANGUAGE_STANDARD = "gnu++14";
				CLANG_CXX_LIBRARY = "libc++";
				CLANG_ENABLE_MODULES = YES;
				CLANG_ENABLE_OBJC_ARC = YES;
				CLANG_ENABLE_OBJC_WEAK = YES;
				CLANG_WARN_BLOCK_CAPTURE_AUTORELEASING = YES;
				CLANG_WARN_BOOL_CONVERSION = YES;
				CLANG_WARN_COMMA = YES;
				CLANG_WARN_CONSTANT_CONVERSION = YES;
				CLANG_WARN_DEPRECATED_OBJC_IMPLEMENTATIONS = YES;
				CLANG_WARN_DIRECT_OBJC_ISA_USAGE = YES_ERROR;
				CLANG_WARN_DOCUMENTATION_COMMENTS = YES;
				CLANG_WARN_EMPTY_BODY = YES;
				CLANG_WARN_ENUM_CONVERSION = YES;
				CLANG_WARN_INFINITE_RECURSION = YES;
				CLANG_WARN_INT_CONVERSION = YES;
				CLANG_WARN_NON_LITERAL_NULL_CONVERSION = YES;
				CLANG_WARN_OBJC_IMPLICIT_RETAIN_SELF = YES;
				CLANG_WARN_OBJC_LITERAL_CONVERSION = YES;
				CLANG_WARN_OBJC_ROOT_CLASS = YES_ERROR;
				CLANG_WARN_QUOTED_INCLUDE_IN_FRAMEWORK_HEADER = YES;
				CLANG_WARN_RANGE_LOOP_ANALYSIS = YES;
				CLANG_WARN_STRICT_PROTOTYPES = YES;
				CLANG_WARN_SUSPICIOUS_MOVE = YES;
				CLANG_WARN_UNGUARDED_AVAILABILITY = YES_AGGRESSIVE;
				CLANG_WARN_UNREACHABLE_CODE = YES;
				CLANG_WARN__DUPLICATE_METHOD_MATCH = YES;
				COPY_PHASE_STRIP = NO;
				DEBUG_INFORMATION_FORMAT = "dwarf-with-dsym";
				ENABLE_NS_ASSERTIONS = NO;
				ENABLE_STRICT_OBJC_MSGSEND = YES;
				GCC_C_LANGUAGE_STANDARD = gnu11;
				GCC_NO_COMMON_BLOCKS = YES;
				GCC_WARN_64_TO_32_BIT_CONVERSION = YES;
				GCC_WARN_ABOUT_RETURN_TYPE = YES_ERROR;
				GCC_WARN_UNDECLARED_SELECTOR = YES;
				GCC_WARN_UNINITIALIZED_AUTOS = YES_AGGRESSIVE;
				GCC_WARN_UNUSED_FUNCTION = YES;
				GCC_WARN_UNUSED_VARIABLE = YES;
				IPHONEOS_DEPLOYMENT_TARGET = 14.5;
				MTL_ENABLE_DEBUG_INFO = NO;
				MTL_FAST_MATH = YES;
				SDKROOT = iphoneos;
				SWIFT_COMPILATION_MODE = wholemodule;
				SWIFT_OPTIMIZATION_LEVEL = "-O";
				VALIDATE_PRODUCT = YES;
			};
			name = Release;
		};
		90D39A1B26F022AE00587C61 /* Debug */ = {
			isa = XCBuildConfiguration;
			baseConfigurationReference = B8C7691464A698CB67BF64DB /* Pods-assignment1.debug.xcconfig */;
			buildSettings = {
				ASSETCATALOG_COMPILER_APPICON_NAME = AppIcon;
				ASSETCATALOG_COMPILER_GLOBAL_ACCENT_COLOR_NAME = AccentColor;
				CODE_SIGN_STYLE = Automatic;
				DEVELOPMENT_TEAM = 23K9YYJNUA;
				INFOPLIST_FILE = assignment1/Info.plist;
				LD_RUNPATH_SEARCH_PATHS = (
					"$(inherited)",
					"@executable_path/Frameworks",
				);
				PRODUCT_BUNDLE_IDENTIFIER = com.nickvardaro.assignment1;
				PRODUCT_NAME = "$(TARGET_NAME)";
				SWIFT_VERSION = 5.0;
				TARGETED_DEVICE_FAMILY = "1,2";
			};
			name = Debug;
		};
		90D39A1C26F022AE00587C61 /* Release */ = {
			isa = XCBuildConfiguration;
			baseConfigurationReference = 5742854228F9AD6742D7A31A /* Pods-assignment1.release.xcconfig */;
			buildSettings = {
				ASSETCATALOG_COMPILER_APPICON_NAME = AppIcon;
				ASSETCATALOG_COMPILER_GLOBAL_ACCENT_COLOR_NAME = AccentColor;
				CODE_SIGN_STYLE = Automatic;
				DEVELOPMENT_TEAM = 23K9YYJNUA;
				INFOPLIST_FILE = assignment1/Info.plist;
				LD_RUNPATH_SEARCH_PATHS = (
					"$(inherited)",
					"@executable_path/Frameworks",
				);
				PRODUCT_BUNDLE_IDENTIFIER = com.nickvardaro.assignment1;
				PRODUCT_NAME = "$(TARGET_NAME)";
				SWIFT_VERSION = 5.0;
				TARGETED_DEVICE_FAMILY = "1,2";
			};
			name = Release;
		};
		90D39A1E26F022AE00587C61 /* Debug */ = {
			isa = XCBuildConfiguration;
			baseConfigurationReference = E2439A9385FD532D42FC87CD /* Pods-assignment1Tests.debug.xcconfig */;
			buildSettings = {
				ALWAYS_EMBED_SWIFT_STANDARD_LIBRARIES = YES;
				BUNDLE_LOADER = "$(TEST_HOST)";
				CODE_SIGN_STYLE = Automatic;
				DEVELOPMENT_TEAM = 23K9YYJNUA;
				INFOPLIST_FILE = assignment1Tests/Info.plist;
				IPHONEOS_DEPLOYMENT_TARGET = 14.5;
				LD_RUNPATH_SEARCH_PATHS = (
					"$(inherited)",
					"@executable_path/Frameworks",
					"@loader_path/Frameworks",
				);
				PRODUCT_BUNDLE_IDENTIFIER = com.nickvardaro.assignment1Tests;
				PRODUCT_NAME = "$(TARGET_NAME)";
				SWIFT_VERSION = 5.0;
				TARGETED_DEVICE_FAMILY = "1,2";
				TEST_HOST = "$(BUILT_PRODUCTS_DIR)/assignment1.app/assignment1";
			};
			name = Debug;
		};
		90D39A1F26F022AE00587C61 /* Release */ = {
			isa = XCBuildConfiguration;
			baseConfigurationReference = C63473498C79B60226DA3460 /* Pods-assignment1Tests.release.xcconfig */;
			buildSettings = {
				ALWAYS_EMBED_SWIFT_STANDARD_LIBRARIES = YES;
				BUNDLE_LOADER = "$(TEST_HOST)";
				CODE_SIGN_STYLE = Automatic;
				DEVELOPMENT_TEAM = 23K9YYJNUA;
				INFOPLIST_FILE = assignment1Tests/Info.plist;
				IPHONEOS_DEPLOYMENT_TARGET = 14.5;
				LD_RUNPATH_SEARCH_PATHS = (
					"$(inherited)",
					"@executable_path/Frameworks",
					"@loader_path/Frameworks",
				);
				PRODUCT_BUNDLE_IDENTIFIER = com.nickvardaro.assignment1Tests;
				PRODUCT_NAME = "$(TARGET_NAME)";
				SWIFT_VERSION = 5.0;
				TARGETED_DEVICE_FAMILY = "1,2";
				TEST_HOST = "$(BUILT_PRODUCTS_DIR)/assignment1.app/assignment1";
			};
			name = Release;
		};
		90D39A2126F022AE00587C61 /* Debug */ = {
			isa = XCBuildConfiguration;
			baseConfigurationReference = D364F9DD139A30FBAA0DC205 /* Pods-assignment1-assignment1UITests.debug.xcconfig */;
			buildSettings = {
				ALWAYS_EMBED_SWIFT_STANDARD_LIBRARIES = YES;
				CODE_SIGN_STYLE = Automatic;
				DEVELOPMENT_TEAM = 23K9YYJNUA;
				INFOPLIST_FILE = assignment1UITests/Info.plist;
				LD_RUNPATH_SEARCH_PATHS = (
					"$(inherited)",
					"@executable_path/Frameworks",
					"@loader_path/Frameworks",
				);
				PRODUCT_BUNDLE_IDENTIFIER = com.nickvardaro.assignment1UITests;
				PRODUCT_NAME = "$(TARGET_NAME)";
				SWIFT_VERSION = 5.0;
				TARGETED_DEVICE_FAMILY = "1,2";
				TEST_TARGET_NAME = assignment1;
			};
			name = Debug;
		};
		90D39A2226F022AE00587C61 /* Release */ = {
			isa = XCBuildConfiguration;
			baseConfigurationReference = CDA5B90A1E308BA1EBB587EF /* Pods-assignment1-assignment1UITests.release.xcconfig */;
			buildSettings = {
				ALWAYS_EMBED_SWIFT_STANDARD_LIBRARIES = YES;
				CODE_SIGN_STYLE = Automatic;
				DEVELOPMENT_TEAM = 23K9YYJNUA;
				INFOPLIST_FILE = assignment1UITests/Info.plist;
				LD_RUNPATH_SEARCH_PATHS = (
					"$(inherited)",
					"@executable_path/Frameworks",
					"@loader_path/Frameworks",
				);
				PRODUCT_BUNDLE_IDENTIFIER = com.nickvardaro.assignment1UITests;
				PRODUCT_NAME = "$(TARGET_NAME)";
				SWIFT_VERSION = 5.0;
				TARGETED_DEVICE_FAMILY = "1,2";
				TEST_TARGET_NAME = assignment1;
			};
			name = Release;
		};
/* End XCBuildConfiguration section */

/* Begin XCConfigurationList section */
		90D399EB26F022A000587C61 /* Build configuration list for PBXProject "assignment1" */ = {
			isa = XCConfigurationList;
			buildConfigurations = (
				90D39A1826F022AD00587C61 /* Debug */,
				90D39A1926F022AD00587C61 /* Release */,
			);
			defaultConfigurationIsVisible = 0;
			defaultConfigurationName = Release;
		};
		90D39A1A26F022AE00587C61 /* Build configuration list for PBXNativeTarget "assignment1" */ = {
			isa = XCConfigurationList;
			buildConfigurations = (
				90D39A1B26F022AE00587C61 /* Debug */,
				90D39A1C26F022AE00587C61 /* Release */,
			);
			defaultConfigurationIsVisible = 0;
			defaultConfigurationName = Release;
		};
		90D39A1D26F022AE00587C61 /* Build configuration list for PBXNativeTarget "assignment1Tests" */ = {
			isa = XCConfigurationList;
			buildConfigurations = (
				90D39A1E26F022AE00587C61 /* Debug */,
				90D39A1F26F022AE00587C61 /* Release */,
			);
			defaultConfigurationIsVisible = 0;
			defaultConfigurationName = Release;
		};
		90D39A2026F022AE00587C61 /* Build configuration list for PBXNativeTarget "assignment1UITests" */ = {
			isa = XCConfigurationList;
			buildConfigurations = (
				90D39A2126F022AE00587C61 /* Debug */,
				90D39A2226F022AE00587C61 /* Release */,
			);
			defaultConfigurationIsVisible = 0;
			defaultConfigurationName = Release;
		};
/* End XCConfigurationList section */

/* Begin XCRemoteSwiftPackageReference section */
		90D39A2726F1613E00587C61 /* XCRemoteSwiftPackageReference "AlamofireImage" */ = {
			isa = XCRemoteSwiftPackageReference;
			repositoryURL = "https://github.com/Alamofire/AlamofireImage";
			requirement = {
				kind = upToNextMajorVersion;
				minimumVersion = 4.2.0;
			};
		};
/* End XCRemoteSwiftPackageReference section */

/* Begin XCSwiftPackageProductDependency section */
		90D39A2826F1613E00587C61 /* AlamofireImage */ = {
			isa = XCSwiftPackageProductDependency;
			package = 90D39A2726F1613E00587C61 /* XCRemoteSwiftPackageReference "AlamofireImage" */;
			productName = AlamofireImage;
		};
/* End XCSwiftPackageProductDependency section */
	};
	rootObject = 90D399E826F0229F00587C61 /* Project object */;
}
